
Microsoft Visual Studio Solution File, Format Version 12.00
# Visual Studio 2013
VisualStudioVersion = 12.0.21005.1
MinimumVisualStudioVersion = 10.0.40219.1
Project("{FAE04EC0-301F-11D3-BF4B-00C04F79EFBC}") = "Registro-Estudiante", "Registro-Estudiante\Registro-Estudiante.csproj", "{6048C798-1FC1-415B-9E51-0DF451E4EA06}"
EndProject
Project("{FAE04EC0-301F-11D3-BF4B-00C04F79EFBC}") = "capadata", "capadata\capadata.csproj", "{F606DFF6-4DB2-4215-A0BE-C0274E2E4962}"
EndProject
Project("{FAE04EC0-301F-11D3-BF4B-00C04F79EFBC}") = "capanegocio", "capanegocio\capanegocio.csproj", "{D69947B0-E4F2-48F2-B671-8C8267DD85E6}"
EndProject
Project("{FAE04EC0-301F-11D3-BF4B-00C04F79EFBC}") = "capapresentacion", "capapresentacion\capapresentacion.csproj", "{9CD1BBAB-487D-476A-919E-C9E511B5F2DE}"
EndProject
Global
	GlobalSection(SolutionConfigurationPlatforms) = preSolution
		Debug|Any CPU = Debug|Any CPU
		Release|Any CPU = Release|Any CPU
	EndGlobalSection
	GlobalSection(ProjectConfigurationPlatforms) = postSolution
		{6048C798-1FC1-415B-9E51-0DF451E4EA06}.Debug|Any CPU.ActiveCfg = Debug|Any CPU
		{6048C798-1FC1-415B-9E51-0DF451E4EA06}.Debug|Any CPU.Build.0 = Debug|Any CPU
		{6048C798-1FC1-415B-9E51-0DF451E4EA06}.Release|Any CPU.ActiveCfg = Release|Any CPU
		{6048C798-1FC1-415B-9E51-0DF451E4EA06}.Release|Any CPU.Build.0 = Release|Any CPU
		{F606DFF6-4DB2-4215-A0BE-C0274E2E4962}.Debug|Any CPU.ActiveCfg = Debug|Any CPU
		{F606DFF6-4DB2-4215-A0BE-C0274E2E4962}.Debug|Any CPU.Build.0 = Debug|Any CPU
		{F606DFF6-4DB2-4215-A0BE-C0274E2E4962}.Release|Any CPU.ActiveCfg = Release|Any CPU
		{F606DFF6-4DB2-4215-A0BE-C0274E2E4962}.Release|Any CPU.Build.0 = Release|Any CPU
		{D69947B0-E4F2-48F2-B671-8C8267DD85E6}.Debug|Any CPU.ActiveCfg = Debug|Any CPU
		{D69947B0-E4F2-48F2-B671-8C8267DD85E6}.Debug|Any CPU.Build.0 = Debug|Any CPU
		{D69947B0-E4F2-48F2-B671-8C8267DD85E6}.Release|Any CPU.ActiveCfg = Release|Any CPU
		{D69947B0-E4F2-48F2-B671-8C8267DD85E6}.Release|Any CPU.Build.0 = Release|Any CPU
		{9CD1BBAB-487D-476A-919E-C9E511B5F2DE}.Debug|Any CPU.ActiveCfg = Debug|Any CPU
		{9CD1BBAB-487D-476A-919E-C9E511B5F2DE}.Debug|Any CPU.Build.0 = Debug|Any CPU
		{9CD1BBAB-487D-476A-919E-C9E511B5F2DE}.Release|Any CPU.ActiveCfg = Release|Any CPU
		{9CD1BBAB-487D-476A-919E-C9E511B5F2DE}.Release|Any CPU.Build.0 = Release|Any CPU
	EndGlobalSection
	GlobalSection(SolutionProperties) = preSolution
		HideSolutionNode = FALSE
	EndGlobalSection
EndGlobal
